
Microsoft Visual Studio Solution File, Format Version 12.00
# Visual Studio Version 17
VisualStudioVersion = 17.14.36623.8 d17.14
MinimumVisualStudioVersion = 10.0.40219.1
Project("{54A90642-561A-4BB1-A94E-469ADEE60C69}") = "aminai.client", "aminai.client\aminai.client.esproj", "{0EF9DE4C-386A-7287-45E4-F8FC950C2FD7}"
EndProject
Project("{FAE04EC0-301F-11D3-BF4B-00C04F79EFBC}") = "AminAI.Server", "AminAI.Server\AminAI.Server.csproj", "{9A1720F7-935F-43EE-97A1-A8B30BCE4E6D}"
EndProject
Global
	GlobalSection(SolutionConfigurationPlatforms) = preSolution
		Debug|Any CPU = Debug|Any CPU
		Release|Any CPU = Release|Any CPU
	EndGlobalSection
	GlobalSection(ProjectConfigurationPlatforms) = postSolution
		{0EF9DE4C-386A-7287-45E4-F8FC950C2FD7}.Debug|Any CPU.ActiveCfg = Debug|Any CPU
		{0EF9DE4C-386A-7287-45E4-F8FC950C2FD7}.Debug|Any CPU.Build.0 = Debug|Any CPU
		{0EF9DE4C-386A-7287-45E4-F8FC950C2FD7}.Debug|Any CPU.Deploy.0 = Debug|Any CPU
		{0EF9DE4C-386A-7287-45E4-F8FC950C2FD7}.Release|Any CPU.ActiveCfg = Release|Any CPU
		{0EF9DE4C-386A-7287-45E4-F8FC950C2FD7}.Release|Any CPU.Build.0 = Release|Any CPU
		{0EF9DE4C-386A-7287-45E4-F8FC950C2FD7}.Release|Any CPU.Deploy.0 = Release|Any CPU
		{9A1720F7-935F-43EE-97A1-A8B30BCE4E6D}.Debug|Any CPU.ActiveCfg = Debug|Any CPU
		{9A1720F7-935F-43EE-97A1-A8B30BCE4E6D}.Debug|Any CPU.Build.0 = Debug|Any CPU
		{9A1720F7-935F-43EE-97A1-A8B30BCE4E6D}.Release|Any CPU.ActiveCfg = Release|Any CPU
		{9A1720F7-935F-43EE-97A1-A8B30BCE4E6D}.Release|Any CPU.Build.0 = Release|Any CPU
	EndGlobalSection
	GlobalSection(SolutionProperties) = preSolution
		HideSolutionNode = FALSE
	EndGlobalSection
	GlobalSection(ExtensibilityGlobals) = postSolution
		SolutionGuid = {2524FADF-A513-499E-8955-88686D0E7D46}
	EndGlobalSection
EndGlobal
